
Microsoft Visual Studio Solution File, Format Version 12.00
# Visual Studio Version 16
VisualStudioVersion = 16.0.31702.278
MinimumVisualStudioVersion = 10.0.40219.1
Project("{FAE04EC0-301F-11D3-BF4B-00C04F79EFBC}") = "DataBazeLearning", "DataBazeLearning\DataBazeLearning.csproj", "{70DEA865-544F-4B63-9A86-6A2461FE4B71}"
EndProject
Global
	GlobalSection(SolutionConfigurationPlatforms) = preSolution
		Debug|Any CPU = Debug|Any CPU
		Release|Any CPU = Release|Any CPU
	EndGlobalSection
	GlobalSection(ProjectConfigurationPlatforms) = postSolution
		{70DEA865-544F-4B63-9A86-6A2461FE4B71}.Debug|Any CPU.ActiveCfg = Debug|Any CPU
		{70DEA865-544F-4B63-9A86-6A2461FE4B71}.Debug|Any CPU.Build.0 = Debug|Any CPU
		{70DEA865-544F-4B63-9A86-6A2461FE4B71}.Release|Any CPU.ActiveCfg = Release|Any CPU
		{70DEA865-544F-4B63-9A86-6A2461FE4B71}.Release|Any CPU.Build.0 = Release|Any CPU
	EndGlobalSection
	GlobalSection(SolutionProperties) = preSolution
		HideSolutionNode = FALSE
	EndGlobalSection
	GlobalSection(ExtensibilityGlobals) = postSolution
		SolutionGuid = {8166F4BB-E634-4713-9F49-A4C5A500D27F}
	EndGlobalSection
EndGlobal
